// !$*UTF8*$!
{
	archiveVersion = 1;
	classes = {
	};
	objectVersion = 77;
	objects = {

/* Begin PBXContainerItemProxy section */
		F9FB04D82DCBA82C008F4FCA /* PBXContainerItemProxy */ = {
			isa = PBXContainerItemProxy;
			containerPortal = F9FB04B92DCBA82A008F4FCA /* Project object */;
			proxyType = 1;
			remoteGlobalIDString = F9FB04C02DCBA82A008F4FCA;
			remoteInfo = PokeDex;
		};
		F9FB04E22DCBA82C008F4FCA /* PBXContainerItemProxy */ = {
			isa = PBXContainerItemProxy;
			containerPortal = F9FB04B92DCBA82A008F4FCA /* Project object */;
			proxyType = 1;
			remoteGlobalIDString = F9FB04C02DCBA82A008F4FCA;
			remoteInfo = PokeDex;
		};
/* End PBXContainerItemProxy section */

/* Begin PBXFileReference section */
		F9FB04C12DCBA82A008F4FCA /* PokeDex.app */ = {isa = PBXFileReference; explicitFileType = wrapper.application; includeInIndex = 0; path = PokeDex.app; sourceTree = BUILT_PRODUCTS_DIR; };
		F9FB04D72DCBA82C008F4FCA /* PokeDexTests.xctest */ = {isa = PBXFileReference; explicitFileType = wrapper.cfbundle; includeInIndex = 0; path = PokeDexTests.xctest; sourceTree = BUILT_PRODUCTS_DIR; };
		F9FB04E12DCBA82C008F4FCA /* PokeDexUITests.xctest */ = {isa = PBXFileReference; explicitFileType = wrapper.cfbundle; includeInIndex = 0; path = PokeDexUITests.xctest; sourceTree = BUILT_PRODUCTS_DIR; };
/* End PBXFileReference section */

/* Begin PBXFileSystemSynchronizedBuildFileExceptionSet section */
		F9FB04E92DCBA82C008F4FCA /* Exceptions for "PokeDex" folder in "PokeDex" target */ = {
			isa = PBXFileSystemSynchronizedBuildFileExceptionSet;
			membershipExceptions = (
				Info.plist,
			);
			target = F9FB04C02DCBA82A008F4FCA /* PokeDex */;
		};
/* End PBXFileSystemSynchronizedBuildFileExceptionSet section */

/* Begin PBXFileSystemSynchronizedRootGroup section */
		F9FB04C32DCBA82A008F4FCA /* PokeDex */ = {
			isa = PBXFileSystemSynchronizedRootGroup;
			exceptions = (
				F9FB04E92DCBA82C008F4FCA /* Exceptions for "PokeDex" folder in "PokeDex" target */,
			);
			path = PokeDex;
			sourceTree = "<group>";
		};
		F9FB04DA2DCBA82C008F4FCA /* PokeDexTests */ = {
			isa = PBXFileSystemSynchronizedRootGroup;
			path = PokeDexTests;
			sourceTree = "<group>";
		};
		F9FB04E42DCBA82C008F4FCA /* PokeDexUITests */ = {
			isa = PBXFileSystemSynchronizedRootGroup;
			path = PokeDexUITests;
			sourceTree = "<group>";
		};
/* End PBXFileSystemSynchronizedRootGroup section */

/* Begin PBXFrameworksBuildPhase section */
		F9FB04BE2DCBA82A008F4FCA /* Frameworks */ = {
			isa = PBXFrameworksBuildPhase;
			buildActionMask = 2147483647;
			files = (
			);
			runOnlyForDeploymentPostprocessing = 0;
		};
		F9FB04D42DCBA82C008F4FCA /* Frameworks */ = {
			isa = PBXFrameworksBuildPhase;
			buildActionMask = 2147483647;
			files = (
			);
			runOnlyForDeploymentPostprocessing = 0;
		};
		F9FB04DE2DCBA82C008F4FCA /* Frameworks */ = {
			isa = PBXFrameworksBuildPhase;
			buildActionMask = 2147483647;
			files = (
			);
			runOnlyForDeploymentPostprocessing = 0;
		};
/* End PBXFrameworksBuildPhase section */

/* Begin PBXGroup section */
		F9FB04B82DCBA82A008F4FCA = {
			isa = PBXGroup;
			children = (
				F9FB04C32DCBA82A008F4FCA /* PokeDex */,
				F9FB04DA2DCBA82C008F4FCA /* PokeDexTests */,
				F9FB04E42DCBA82C008F4FCA /* PokeDexUITests */,
				F9FB04C22DCBA82A008F4FCA /* Products */,
			);
			sourceTree = "<group>";
		};
		F9FB04C22DCBA82A008F4FCA /* Products */ = {
			isa = PBXGroup;
			children = (
				F9FB04C12DCBA82A008F4FCA /* PokeDex.app */,
				F9FB04D72DCBA82C008F4FCA /* PokeDexTests.xctest */,
				F9FB04E12DCBA82C008F4FCA /* PokeDexUITests.xctest */,
			);
			name = Products;
			sourceTree = "<group>";
		};
/* End PBXGroup section */

/* Begin PBXNativeTarget section */
		F9FB04C02DCBA82A008F4FCA /* PokeDex */ = {
			isa = PBXNativeTarget;
			buildConfigurationList = F9FB04EA2DCBA82C008F4FCA /* Build configuration list for PBXNativeTarget "PokeDex" */;
			buildPhases = (
				F9FB04BD2DCBA82A008F4FCA /* Sources */,
				F9FB04BE2DCBA82A008F4FCA /* Frameworks */,
				F9FB04BF2DCBA82A008F4FCA /* Resources */,
			);
			buildRules = (
			);
			dependencies = (
			);
			fileSystemSynchronizedGroups = (
				F9FB04C32DCBA82A008F4FCA /* PokeDex */,
			);
			name = PokeDex;
			packageProductDependencies = (
			);
			productName = PokeDex;
			productReference = F9FB04C12DCBA82A008F4FCA /* PokeDex.app */;
			productType = "com.apple.product-type.application";
		};
		F9FB04D62DCBA82C008F4FCA /* PokeDexTests */ = {
			isa = PBXNativeTarget;
			buildConfigurationList = F9FB04EF2DCBA82C008F4FCA /* Build configuration list for PBXNativeTarget "PokeDexTests" */;
			buildPhases = (
				F9FB04D32DCBA82C008F4FCA /* Sources */,
				F9FB04D42DCBA82C008F4FCA /* Frameworks */,
				F9FB04D52DCBA82C008F4FCA /* Resources */,
			);
			buildRules = (
			);
			dependencies = (
				F9FB04D92DCBA82C008F4FCA /* PBXTargetDependency */,
			);
			fileSystemSynchronizedGroups = (
				F9FB04DA2DCBA82C008F4FCA /* PokeDexTests */,
			);
			name = PokeDexTests;
			packageProductDependencies = (
			);
			productName = PokeDexTests;
			productReference = F9FB04D72DCBA82C008F4FCA /* PokeDexTests.xctest */;
			productType = "com.apple.product-type.bundle.unit-test";
		};
		F9FB04E02DCBA82C008F4FCA /* PokeDexUITests */ = {
			isa = PBXNativeTarget;
			buildConfigurationList = F9FB04F22DCBA82C008F4FCA /* Build configuration list for PBXNativeTarget "PokeDexUITests" */;
			buildPhases = (
				F9FB04DD2DCBA82C008F4FCA /* Sources */,
				F9FB04DE2DCBA82C008F4FCA /* Frameworks */,
				F9FB04DF2DCBA82C008F4FCA /* Resources */,
			);
			buildRules = (
			);
			dependencies = (
				F9FB04E32DCBA82C008F4FCA /* PBXTargetDependency */,
			);
			fileSystemSynchronizedGroups = (
				F9FB04E42DCBA82C008F4FCA /* PokeDexUITests */,
			);
			name = PokeDexUITests;
			packageProductDependencies = (
			);
			productName = PokeDexUITests;
			productReference = F9FB04E12DCBA82C008F4FCA /* PokeDexUITests.xctest */;
			productType = "com.apple.product-type.bundle.ui-testing";
		};
/* End PBXNativeTarget section */

/* Begin PBXProject section */
		F9FB04B92DCBA82A008F4FCA /* Project object */ = {
			isa = PBXProject;
			attributes = {
				BuildIndependentTargetsInParallel = 1;
				LastSwiftUpdateCheck = 1620;
				LastUpgradeCheck = 1620;
				TargetAttributes = {
					F9FB04C02DCBA82A008F4FCA = {
						CreatedOnToolsVersion = 16.2;
					};
					F9FB04D62DCBA82C008F4FCA = {
						CreatedOnToolsVersion = 16.2;
						TestTargetID = F9FB04C02DCBA82A008F4FCA;
					};
					F9FB04E02DCBA82C008F4FCA = {
						CreatedOnToolsVersion = 16.2;
						TestTargetID = F9FB04C02DCBA82A008F4FCA;
					};
				};
			};
			buildConfigurationList = F9FB04BC2DCBA82A008F4FCA /* Build configuration list for PBXProject "PokeDex" */;
			developmentRegion = en;
			hasScannedForEncodings = 0;
			knownRegions = (
				en,
				Base,
			);
			mainGroup = F9FB04B82DCBA82A008F4FCA;
			minimizedProjectReferenceProxies = 1;
			preferredProjectObjectVersion = 77;
			productRefGroup = F9FB04C22DCBA82A008F4FCA /* Products */;
			projectDirPath = "";
			projectRoot = "";
			targets = (
				F9FB04C02DCBA82A008F4FCA /* PokeDex */,
				F9FB04D62DCBA82C008F4FCA /* PokeDexTests */,
				F9FB04E02DCBA82C008F4FCA /* PokeDexUITests */,
			);
		};
/* End PBXProject section */

/* Begin PBXResourcesBuildPhase section */
		F9FB04BF2DCBA82A008F4FCA /* Resources */ = {
			isa = PBXResourcesBuildPhase;
			buildActionMask = 2147483647;
			files = (
			);
			runOnlyForDeploymentPostprocessing = 0;
		};
		F9FB04D52DCBA82C008F4FCA /* Resources */ = {
			isa = PBXResourcesBuildPhase;
			buildActionMask = 2147483647;
			files = (
			);
			runOnlyForDeploymentPostprocessing = 0;
		};
		F9FB04DF2DCBA82C008F4FCA /* Resources */ = {
			isa = PBXResourcesBuildPhase;
			buildActionMask = 2147483647;
			files = (
			);
			runOnlyForDeploymentPostprocessing = 0;
		};
/* End PBXResourcesBuildPhase section */

/* Begin PBXSourcesBuildPhase section */
		F9FB04BD2DCBA82A008F4FCA /* Sources */ = {
			isa = PBXSourcesBuildPhase;
			buildActionMask = 2147483647;
			files = (
			);
			runOnlyForDeploymentPostprocessing = 0;
		};
		F9FB04D32DCBA82C008F4FCA /* Sources */ = {
			isa = PBXSourcesBuildPhase;
			buildActionMask = 2147483647;
			files = (
			);
			runOnlyForDeploymentPostprocessing = 0;
		};
		F9FB04DD2DCBA82C008F4FCA /* Sources */ = {
			isa = PBXSourcesBuildPhase;
			buildActionMask = 2147483647;
			files = (
			);
			runOnlyForDeploymentPostprocessing = 0;
		};
/* End PBXSourcesBuildPhase section */

/* Begin PBXTargetDependency section */
		F9FB04D92DCBA82C008F4FCA /* PBXTargetDependency */ = {
			isa = PBXTargetDependency;
			target = F9FB04C02DCBA82A008F4FCA /* PokeDex */;
			targetProxy = F9FB04D82DCBA82C008F4FCA /* PBXContainerItemProxy */;
		};
		F9FB04E32DCBA82C008F4FCA /* PBXTargetDependency */ = {
			isa = PBXTargetDependency;
			target = F9FB04C02DCBA82A008F4FCA /* PokeDex */;
			targetProxy = F9FB04E22DCBA82C008F4FCA /* PBXContainerItemProxy */;
		};
/* End PBXTargetDependency section */

/* Begin XCBuildConfiguration section */
		F9FB04EB2DCBA82C008F4FCA /* Debug */ = {
			isa = XCBuildConfiguration;
			buildSettings = {
				ASSETCATALOG_COMPILER_APPICON_NAME = AppIcon;
				ASSETCATALOG_COMPILER_GLOBAL_ACCENT_COLOR_NAME = AccentColor;
				CODE_SIGN_STYLE = Automatic;
				CURRENT_PROJECT_VERSION = 1;
				DEVELOPMENT_TEAM = 3S485CA7WN;
				GENERATE_INFOPLIST_FILE = YES;
				INFOPLIST_FILE = PokeDex/Info.plist;
				INFOPLIST_KEY_UIApplicationSupportsIndirectInputEvents = YES;
				INFOPLIST_KEY_UILaunchStoryboardName = LaunchScreen;
				INFOPLIST_KEY_UIMainStoryboardFile = Main;
				INFOPLIST_KEY_UISupportedInterfaceOrientations_iPad = "UIInterfaceOrientationPortrait UIInterfaceOrientationPortraitUpsideDown UIInterfaceOrientationLandscapeLeft UIInterfaceOrientationLandscapeRight";
				INFOPLIST_KEY_UISupportedInterfaceOrientations_iPhone = "UIInterfaceOrientationPortrait UIInterfaceOrientationLandscapeLeft UIInterfaceOrientationLandscapeRight";
				LD_RUNPATH_SEARCH_PATHS = (
					"$(inherited)",
					"@executable_path/Frameworks",
				);
				MARKETING_VERSION = 1.0;
				PRODUCT_BUNDLE_IDENTIFIER = com.idsnext.PokeDex;
				PRODUCT_NAME = "$(TARGET_NAME)";
				SWIFT_EMIT_LOC_STRINGS = YES;
				SWIFT_VERSION = 5.0;
				TARGETED_DEVICE_FAMILY = "1,2";
			};
			name = Debug;
		};
		F9FB04EC2DCBA82C008F4FCA /* Release */ = {
			isa = XCBuildConfiguration;
			buildSettings = {
				ASSETCATALOG_COMPILER_APPICON_NAME = AppIcon;
				ASSETCATALOG_COMPILER_GLOBAL_ACCENT_COLOR_NAME = AccentColor;
				CODE_SIGN_STYLE = Automatic;
				CURRENT_PROJECT_VERSION = 1;
				DEVELOPMENT_TEAM = 3S485CA7WN;
				GENERATE_INFOPLIST_FILE = YES;
				INFOPLIST_FILE = PokeDex/Info.plist;
				INFOPLIST_KEY_UIApplicationSupportsIndirectInputEvents = YES;
				INFOPLIST_KEY_UILaunchStoryboardName = LaunchScreen;
				INFOPLIST_KEY_UIMainStoryboardFile = Main;
				INFOPLIST_KEY_UISupportedInterfaceOrientations_iPad = "UIInterfaceOrientationPortrait UIInterfaceOrientationPortraitUpsideDown UIInterfaceOrientationLandscapeLeft UIInterfaceOrientationLandscapeRight";
				INFOPLIST_KEY_UISupportedInterfaceOrientations_iPhone = "UIInterfaceOrientationPortrait UIInterfaceOrientationLandscapeLeft UIInterfaceOrientationLandscapeRight";
				LD_RUNPATH_SEARCH_PATHS = (
					"$(inherited)",
					"@executable_path/Frameworks",
				);
				MARKETING_VERSION = 1.0;
				PRODUCT_BUNDLE_IDENTIFIER = com.idsnext.PokeDex;
				PRODUCT_NAME = "$(TARGET_NAME)";
				SWIFT_EMIT_LOC_STRINGS = YES;
				SWIFT_VERSION = 5.0;
				TARGETED_DEVICE_FAMILY = "1,2";
			};
			name = Release;
		};
		F9FB04ED2DCBA82C008F4FCA /* Debug */ = {
			isa = XCBuildConfiguration;
			buildSettings = {
				ALWAYS_SEARCH_USER_PATHS = NO;
				ASSETCATALOG_COMPILER_GENERATE_SWIFT_ASSET_SYMBOL_EXTENSIONS = YES;
				CLANG_ANALYZER_NONNULL = YES;
				CLANG_ANALYZER_NUMBER_OBJECT_CONVERSION = YES_AGGRESSIVE;
				CLANG_CXX_LANGUAGE_STANDARD = "gnu++20";
				CLANG_ENABLE_MODULES = YES;
				CLANG_ENABLE_OBJC_ARC = YES;
				CLANG_ENABLE_OBJC_WEAK = YES;
				CLANG_WARN_BLOCK_CAPTURE_AUTORELEASING = YES;
				CLANG_WARN_BOOL_CONVERSION = YES;
				CLANG_WARN_COMMA = YES;
				CLANG_WARN_CONSTANT_CONVERSION = YES;
				CLANG_WARN_DEPRECATED_OBJC_IMPLEMENTATIONS = YES;
				CLANG_WARN_DIRECT_OBJC_ISA_USAGE = YES_ERROR;
				CLANG_WARN_DOCUMENTATION_COMMENTS = YES;
				CLANG_WARN_EMPTY_BODY = YES;
				CLANG_WARN_ENUM_CONVERSION = YES;
				CLANG_WARN_INFINITE_RECURSION = YES;
				CLANG_WARN_INT_CONVERSION = YES;
				CLANG_WARN_NON_LITERAL_NULL_CONVERSION = YES;
				CLANG_WARN_OBJC_IMPLICIT_RETAIN_SELF = YES;
				CLANG_WARN_OBJC_LITERAL_CONVERSION = YES;
				CLANG_WARN_OBJC_ROOT_CLASS = YES_ERROR;
				CLANG_WARN_QUOTED_INCLUDE_IN_FRAMEWORK_HEADER = YES;
				CLANG_WARN_RANGE_LOOP_ANALYSIS = YES;
				CLANG_WARN_STRICT_PROTOTYPES = YES;
				CLANG_WARN_SUSPICIOUS_MOVE = YES;
				CLANG_WARN_UNGUARDED_AVAILABILITY = YES_AGGRESSIVE;
				CLANG_WARN_UNREACHABLE_CODE = YES;
				CLANG_WARN__DUPLICATE_METHOD_MATCH = YES;
				COPY_PHASE_STRIP = NO;
				DEBUG_INFORMATION_FORMAT = dwarf;
				ENABLE_STRICT_OBJC_MSGSEND = YES;
				ENABLE_TESTABILITY = YES;
				ENABLE_USER_SCRIPT_SANDBOXING = YES;
				GCC_C_LANGUAGE_STANDARD = gnu17;
				GCC_DYNAMIC_NO_PIC = NO;
				GCC_NO_COMMON_BLOCKS = YES;
				GCC_OPTIMIZATION_LEVEL = 0;
				GCC_PREPROCESSOR_DEFINITIONS = (
					"DEBUG=1",
					"$(inherited)",
				);
				GCC_WARN_64_TO_32_BIT_CONVERSION = YES;
				GCC_WARN_ABOUT_RETURN_TYPE = YES_ERROR;
				GCC_WARN_UNDECLARED_SELECTOR = YES;
				GCC_WARN_UNINITIALIZED_AUTOS = YES_AGGRESSIVE;
				GCC_WARN_UNUSED_FUNCTION = YES;
				GCC_WARN_UNUSED_VARIABLE = YES;
				IPHONEOS_DEPLOYMENT_TARGET = 18.2;
				LOCALIZATION_PREFERS_STRING_CATALOGS = YES;
				MTL_ENABLE_DEBUG_INFO = INCLUDE_SOURCE;
				MTL_FAST_MATH = YES;
				ONLY_ACTIVE_ARCH = YES;
				SDKROOT = iphoneos;
				SWIFT_ACTIVE_COMPILATION_CONDITIONS = "DEBUG $(inherited)";
				SWIFT_OPTIMIZATION_LEVEL = "-Onone";
			};
			name = Debug;
		};
		F9FB04EE2DCBA82C008F4FCA /* Release */ = {
			isa = XCBuildConfiguration;
			buildSettings = {
				ALWAYS_SEARCH_USER_PATHS = NO;
				ASSETCATALOG_COMPILER_GENERATE_SWIFT_ASSET_SYMBOL_EXTENSIONS = YES;
				CLANG_ANALYZER_NONNULL = YES;
				CLANG_ANALYZER_NUMBER_OBJECT_CONVERSION = YES_AGGRESSIVE;
				CLANG_CXX_LANGUAGE_STANDARD = "gnu++20";
				CLANG_ENABLE_MODULES = YES;
				CLANG_ENABLE_OBJC_ARC = YES;
				CLANG_ENABLE_OBJC_WEAK = YES;
				CLANG_WARN_BLOCK_CAPTURE_AUTORELEASING = YES;
				CLANG_WARN_BOOL_CONVERSION = YES;
				CLANG_WARN_COMMA = YES;
				CLANG_WARN_CONSTANT_CONVERSION = YES;
				CLANG_WARN_DEPRECATED_OBJC_IMPLEMENTATIONS = YES;
				CLANG_WARN_DIRECT_OBJC_ISA_USAGE = YES_ERROR;
				CLANG_WARN_DOCUMENTATION_COMMENTS = YES;
				CLANG_WARN_EMPTY_BODY = YES;
				CLANG_WARN_ENUM_CONVERSION = YES;
				CLANG_WARN_INFINITE_RECURSION = YES;
				CLANG_WARN_INT_CONVERSION = YES;
				CLANG_WARN_NON_LITERAL_NULL_CONVERSION = YES;
				CLANG_WARN_OBJC_IMPLICIT_RETAIN_SELF = YES;
				CLANG_WARN_OBJC_LITERAL_CONVERSION = YES;
				CLANG_WARN_OBJC_ROOT_CLASS = YES_ERROR;
				CLANG_WARN_QUOTED_INCLUDE_IN_FRAMEWORK_HEADER = YES;
				CLANG_WARN_RANGE_LOOP_ANALYSIS = YES;
				CLANG_WARN_STRICT_PROTOTYPES = YES;
				CLANG_WARN_SUSPICIOUS_MOVE = YES;
				CLANG_WARN_UNGUARDED_AVAILABILITY = YES_AGGRESSIVE;
				CLANG_WARN_UNREACHABLE_CODE = YES;
				CLANG_WARN__DUPLICATE_METHOD_MATCH = YES;
				COPY_PHASE_STRIP = NO;
				DEBUG_INFORMATION_FORMAT = "dwarf-with-dsym";
				ENABLE_NS_ASSERTIONS = NO;
				ENABLE_STRICT_OBJC_MSGSEND = YES;
				ENABLE_USER_SCRIPT_SANDBOXING = YES;
				GCC_C_LANGUAGE_STANDARD = gnu17;
				GCC_NO_COMMON_BLOCKS = YES;
				GCC_WARN_64_TO_32_BIT_CONVERSION = YES;
				GCC_WARN_ABOUT_RETURN_TYPE = YES_ERROR;
				GCC_WARN_UNDECLARED_SELECTOR = YES;
				GCC_WARN_UNINITIALIZED_AUTOS = YES_AGGRESSIVE;
				GCC_WARN_UNUSED_FUNCTION = YES;
				GCC_WARN_UNUSED_VARIABLE = YES;
				IPHONEOS_DEPLOYMENT_TARGET = 18.2;
				LOCALIZATION_PREFERS_STRING_CATALOGS = YES;
				MTL_ENABLE_DEBUG_INFO = NO;
				MTL_FAST_MATH = YES;
				SDKROOT = iphoneos;
				SWIFT_COMPILATION_MODE = wholemodule;
				VALIDATE_PRODUCT = YES;
			};
			name = Release;
		};
		F9FB04F02DCBA82C008F4FCA /* Debug */ = {
			isa = XCBuildConfiguration;
			buildSettings = {
				BUNDLE_LOADER = "$(TEST_HOST)";
				CODE_SIGN_STYLE = Automatic;
				CURRENT_PROJECT_VERSION = 1;
				DEVELOPMENT_TEAM = 3S485CA7WN;
				GENERATE_INFOPLIST_FILE = YES;
				IPHONEOS_DEPLOYMENT_TARGET = 18.2;
				MARKETING_VERSION = 1.0;
				PRODUCT_BUNDLE_IDENTIFIER = com.idsnext.PokeDexTests;
				PRODUCT_NAME = "$(TARGET_NAME)";
				SWIFT_EMIT_LOC_STRINGS = NO;
				SWIFT_VERSION = 5.0;
				TARGETED_DEVICE_FAMILY = "1,2";
				TEST_HOST = "$(BUILT_PRODUCTS_DIR)/PokeDex.app/$(BUNDLE_EXECUTABLE_FOLDER_PATH)/PokeDex";
			};
			name = Debug;
		};
		F9FB04F12DCBA82C008F4FCA /* Release */ = {
			isa = XCBuildConfiguration;
			buildSettings = {
				BUNDLE_LOADER = "$(TEST_HOST)";
				CODE_SIGN_STYLE = Automatic;
				CURRENT_PROJECT_VERSION = 1;
				DEVELOPMENT_TEAM = 3S485CA7WN;
				GENERATE_INFOPLIST_FILE = YES;
				IPHONEOS_DEPLOYMENT_TARGET = 18.2;
				MARKETING_VERSION = 1.0;
				PRODUCT_BUNDLE_IDENTIFIER = com.idsnext.PokeDexTests;
				PRODUCT_NAME = "$(TARGET_NAME)";
				SWIFT_EMIT_LOC_STRINGS = NO;
				SWIFT_VERSION = 5.0;
				TARGETED_DEVICE_FAMILY = "1,2";
				TEST_HOST = "$(BUILT_PRODUCTS_DIR)/PokeDex.app/$(BUNDLE_EXECUTABLE_FOLDER_PATH)/PokeDex";
			};
			name = Release;
		};
		F9FB04F32DCBA82C008F4FCA /* Debug */ = {
			isa = XCBuildConfiguration;
			buildSettings = {
				CODE_SIGN_STYLE = Automatic;
				CURRENT_PROJECT_VERSION = 1;
				DEVELOPMENT_TEAM = 3S485CA7WN;
				GENERATE_INFOPLIST_FILE = YES;
				MARKETING_VERSION = 1.0;
				PRODUCT_BUNDLE_IDENTIFIER = com.idsnext.PokeDexUITests;
				PRODUCT_NAME = "$(TARGET_NAME)";
				SWIFT_EMIT_LOC_STRINGS = NO;
				SWIFT_VERSION = 5.0;
				TARGETED_DEVICE_FAMILY = "1,2";
				TEST_TARGET_NAME = PokeDex;
			};
			name = Debug;
		};
		F9FB04F42DCBA82C008F4FCA /* Release */ = {
			isa = XCBuildConfiguration;
			buildSettings = {
				CODE_SIGN_STYLE = Automatic;
				CURRENT_PROJECT_VERSION = 1;
				DEVELOPMENT_TEAM = 3S485CA7WN;
				GENERATE_INFOPLIST_FILE = YES;
				MARKETING_VERSION = 1.0;
				PRODUCT_BUNDLE_IDENTIFIER = com.idsnext.PokeDexUITests;
				PRODUCT_NAME = "$(TARGET_NAME)";
				SWIFT_EMIT_LOC_STRINGS = NO;
				SWIFT_VERSION = 5.0;
				TARGETED_DEVICE_FAMILY = "1,2";
				TEST_TARGET_NAME = PokeDex;
			};
			name = Release;
		};
/* End XCBuildConfiguration section */

/* Begin XCConfigurationList section */
		F9FB04BC2DCBA82A008F4FCA /* Build configuration list for PBXProject "PokeDex" */ = {
			isa = XCConfigurationList;
			buildConfigurations = (
				F9FB04ED2DCBA82C008F4FCA /* Debug */,
				F9FB04EE2DCBA82C008F4FCA /* Release */,
			);
			defaultConfigurationIsVisible = 0;
			defaultConfigurationName = Release;
		};
		F9FB04EA2DCBA82C008F4FCA /* Build configuration list for PBXNativeTarget "PokeDex" */ = {
			isa = XCConfigurationList;
			buildConfigurations = (
				F9FB04EB2DCBA82C008F4FCA /* Debug */,
				F9FB04EC2DCBA82C008F4FCA /* Release */,
			);
			defaultConfigurationIsVisible = 0;
			defaultConfigurationName = Release;
		};
		F9FB04EF2DCBA82C008F4FCA /* Build configuration list for PBXNativeTarget "PokeDexTests" */ = {
			isa = XCConfigurationList;
			buildConfigurations = (
				F9FB04F02DCBA82C008F4FCA /* Debug */,
				F9FB04F12DCBA82C008F4FCA /* Release */,
			);
			defaultConfigurationIsVisible = 0;
			defaultConfigurationName = Release;
		};
		F9FB04F22DCBA82C008F4FCA /* Build configuration list for PBXNativeTarget "PokeDexUITests" */ = {
			isa = XCConfigurationList;
			buildConfigurations = (
				F9FB04F32DCBA82C008F4FCA /* Debug */,
				F9FB04F42DCBA82C008F4FCA /* Release */,
			);
			defaultConfigurationIsVisible = 0;
			defaultConfigurationName = Release;
		};
/* End XCConfigurationList section */
	};
	rootObject = F9FB04B92DCBA82A008F4FCA /* Project object */;
}
